
Microsoft Visual Studio Solution File, Format Version 12.00
# Visual Studio Version 17
VisualStudioVersion = 17.7.34024.191
MinimumVisualStudioVersion = 10.0.40219.1
Project("{8BC9CEB8-8B4A-11D0-8D11-00A0C91BC942}") = "LAB_1", "LAB_1.vcxproj", "{FF6235F1-82B7-4795-8B75-C38368CB45E5}"
EndProject
Global
	GlobalSection(SolutionConfigurationPlatforms) = preSolution
		Debug|x64 = Debug|x64
		Debug|x86 = Debug|x86
		Release|x64 = Release|x64
		Release|x86 = Release|x86
	EndGlobalSection
	GlobalSection(ProjectConfigurationPlatforms) = postSolution
		{FF6235F1-82B7-4795-8B75-C38368CB45E5}.Debug|x64.ActiveCfg = Debug|x64
		{FF6235F1-82B7-4795-8B75-C38368CB45E5}.Debug|x64.Build.0 = Debug|x64
		{FF6235F1-82B7-4795-8B75-C38368CB45E5}.Debug|x86.ActiveCfg = Debug|Win32
		{FF6235F1-82B7-4795-8B75-C38368CB45E5}.Debug|x86.Build.0 = Debug|Win32
		{FF6235F1-82B7-4795-8B75-C38368CB45E5}.Release|x64.ActiveCfg = Release|x64
		{FF6235F1-82B7-4795-8B75-C38368CB45E5}.Release|x64.Build.0 = Release|x64
		{FF6235F1-82B7-4795-8B75-C38368CB45E5}.Release|x86.ActiveCfg = Release|Win32
		{FF6235F1-82B7-4795-8B75-C38368CB45E5}.Release|x86.Build.0 = Release|Win32
	EndGlobalSection
	GlobalSection(SolutionProperties) = preSolution
		HideSolutionNode = FALSE
	EndGlobalSection
	GlobalSection(ExtensibilityGlobals) = postSolution
		SolutionGuid = {0A4B8195-5F04-4E1C-8DE9-00AA1D33AD3A}
	EndGlobalSection
EndGlobal
